
Microsoft Visual Studio Solution File, Format Version 12.00
# Visual Studio Version 16
VisualStudioVersion = 16.0.32510.428
MinimumVisualStudioVersion = 10.0.40219.1
Project("{FAE04EC0-301F-11D3-BF4B-00C04F79EFBC}") = "PrimeOrNot", "PrimeOrNot\PrimeOrNot.csproj", "{F563F8DF-9867-4CC4-BD36-D74874D3DA6D}"
EndProject
Global
	GlobalSection(SolutionConfigurationPlatforms) = preSolution
		Debug|Any CPU = Debug|Any CPU
		Release|Any CPU = Release|Any CPU
	EndGlobalSection
	GlobalSection(ProjectConfigurationPlatforms) = postSolution
		{F563F8DF-9867-4CC4-BD36-D74874D3DA6D}.Debug|Any CPU.ActiveCfg = Debug|Any CPU
		{F563F8DF-9867-4CC4-BD36-D74874D3DA6D}.Debug|Any CPU.Build.0 = Debug|Any CPU
		{F563F8DF-9867-4CC4-BD36-D74874D3DA6D}.Release|Any CPU.ActiveCfg = Release|Any CPU
		{F563F8DF-9867-4CC4-BD36-D74874D3DA6D}.Release|Any CPU.Build.0 = Release|Any CPU
	EndGlobalSection
	GlobalSection(SolutionProperties) = preSolution
		HideSolutionNode = FALSE
	EndGlobalSection
	GlobalSection(ExtensibilityGlobals) = postSolution
		SolutionGuid = {6C231DFB-B10C-47DE-97CD-22FF3C38EAD8}
	EndGlobalSection
EndGlobal
